
Microsoft Visual Studio Solution File, Format Version 12.00
# Visual Studio 15
VisualStudioVersion = 15.0.26730.12
MinimumVisualStudioVersion = 10.0.40219.1
Project("{FAE04EC0-301F-11D3-BF4B-00C04F79EFBC}") = "LearnControls", "LearnControls.csproj", "{682C7D1B-2293-41B0-9924-41275875E293}"
EndProject
Global
	GlobalSection(SolutionConfigurationPlatforms) = preSolution
		Debug|Any CPU = Debug|Any CPU
		Release|Any CPU = Release|Any CPU
	EndGlobalSection
	GlobalSection(ProjectConfigurationPlatforms) = postSolution
		{682C7D1B-2293-41B0-9924-41275875E293}.Debug|Any CPU.ActiveCfg = Debug|Any CPU
		{682C7D1B-2293-41B0-9924-41275875E293}.Debug|Any CPU.Build.0 = Debug|Any CPU
		{682C7D1B-2293-41B0-9924-41275875E293}.Release|Any CPU.ActiveCfg = Release|Any CPU
		{682C7D1B-2293-41B0-9924-41275875E293}.Release|Any CPU.Build.0 = Release|Any CPU
	EndGlobalSection
	GlobalSection(SolutionProperties) = preSolution
		HideSolutionNode = FALSE
	EndGlobalSection
	GlobalSection(ExtensibilityGlobals) = postSolution
		SolutionGuid = {77728746-DDFD-4FA6-912C-B0CF15542943}
	EndGlobalSection
EndGlobal
